
Microsoft Visual Studio Solution File, Format Version 12.00
# Visual Studio 15
VisualStudioVersion = 15.0.27703.2035
MinimumVisualStudioVersion = 10.0.40219.1
Project("{9A19103F-16F7-4668-BE54-9A1E7A4F7556}") = "program1", "program1\program1.csproj", "{EAA6A150-D6A8-40CF-8471-FBF387FABDCD}"
EndProject
Project("{FAE04EC0-301F-11D3-BF4B-00C04F79EFBC}") = "program2", "program2\program2.csproj", "{D2003B50-42EB-49BC-9278-8EC5CE2A375E}"
EndProject
Global
	GlobalSection(SolutionConfigurationPlatforms) = preSolution
		Debug|Any CPU = Debug|Any CPU
		Release|Any CPU = Release|Any CPU
	EndGlobalSection
	GlobalSection(ProjectConfigurationPlatforms) = postSolution
		{EAA6A150-D6A8-40CF-8471-FBF387FABDCD}.Debug|Any CPU.ActiveCfg = Debug|Any CPU
		{EAA6A150-D6A8-40CF-8471-FBF387FABDCD}.Debug|Any CPU.Build.0 = Debug|Any CPU
		{EAA6A150-D6A8-40CF-8471-FBF387FABDCD}.Release|Any CPU.ActiveCfg = Release|Any CPU
		{EAA6A150-D6A8-40CF-8471-FBF387FABDCD}.Release|Any CPU.Build.0 = Release|Any CPU
		{D2003B50-42EB-49BC-9278-8EC5CE2A375E}.Debug|Any CPU.ActiveCfg = Debug|Any CPU
		{D2003B50-42EB-49BC-9278-8EC5CE2A375E}.Debug|Any CPU.Build.0 = Debug|Any CPU
		{D2003B50-42EB-49BC-9278-8EC5CE2A375E}.Release|Any CPU.ActiveCfg = Release|Any CPU
		{D2003B50-42EB-49BC-9278-8EC5CE2A375E}.Release|Any CPU.Build.0 = Release|Any CPU
	EndGlobalSection
	GlobalSection(SolutionProperties) = preSolution
		HideSolutionNode = FALSE
	EndGlobalSection
	GlobalSection(ExtensibilityGlobals) = postSolution
		SolutionGuid = {B83969F9-8BCF-4A67-93C7-391B4470BA88}
	EndGlobalSection
EndGlobal
