
Microsoft Visual Studio Solution File, Format Version 12.00
# Visual Studio 15
VisualStudioVersion = 15.0.27703.2035
MinimumVisualStudioVersion = 10.0.40219.1
Project("{9A19103F-16F7-4668-BE54-9A1E7A4F7556}") = "program1", "program1\program1.csproj", "{F956A932-0FBE-43A4-B5DA-078C27711518}"
EndProject
Project("{FAE04EC0-301F-11D3-BF4B-00C04F79EFBC}") = "program2", "program2\program2.csproj", "{DA4D2865-9B22-46CF-9FE6-6B090FD4524B}"
EndProject
Global
	GlobalSection(SolutionConfigurationPlatforms) = preSolution
		Debug|Any CPU = Debug|Any CPU
		Release|Any CPU = Release|Any CPU
	EndGlobalSection
	GlobalSection(ProjectConfigurationPlatforms) = postSolution
		{F956A932-0FBE-43A4-B5DA-078C27711518}.Debug|Any CPU.ActiveCfg = Debug|Any CPU
		{F956A932-0FBE-43A4-B5DA-078C27711518}.Debug|Any CPU.Build.0 = Debug|Any CPU
		{F956A932-0FBE-43A4-B5DA-078C27711518}.Release|Any CPU.ActiveCfg = Release|Any CPU
		{F956A932-0FBE-43A4-B5DA-078C27711518}.Release|Any CPU.Build.0 = Release|Any CPU
		{DA4D2865-9B22-46CF-9FE6-6B090FD4524B}.Debug|Any CPU.ActiveCfg = Debug|Any CPU
		{DA4D2865-9B22-46CF-9FE6-6B090FD4524B}.Debug|Any CPU.Build.0 = Debug|Any CPU
		{DA4D2865-9B22-46CF-9FE6-6B090FD4524B}.Release|Any CPU.ActiveCfg = Release|Any CPU
		{DA4D2865-9B22-46CF-9FE6-6B090FD4524B}.Release|Any CPU.Build.0 = Release|Any CPU
	EndGlobalSection
	GlobalSection(SolutionProperties) = preSolution
		HideSolutionNode = FALSE
	EndGlobalSection
	GlobalSection(ExtensibilityGlobals) = postSolution
		SolutionGuid = {F4DFE8F0-1DEB-4E6D-82D5-076C39C97CD0}
	EndGlobalSection
EndGlobal
