
Microsoft Visual Studio Solution File, Format Version 12.00
# Visual Studio 15
VisualStudioVersion = 15.0.27703.2035
MinimumVisualStudioVersion = 10.0.40219.1
Project("{FAE04EC0-301F-11D3-BF4B-00C04F79EFBC}") = "program", "program\program.csproj", "{3EBFF156-6AF5-4CB1-9F54-F12594217CAC}"
EndProject
Global
	GlobalSection(SolutionConfigurationPlatforms) = preSolution
		Debug|Any CPU = Debug|Any CPU
		Release|Any CPU = Release|Any CPU
	EndGlobalSection
	GlobalSection(ProjectConfigurationPlatforms) = postSolution
		{3EBFF156-6AF5-4CB1-9F54-F12594217CAC}.Debug|Any CPU.ActiveCfg = Debug|Any CPU
		{3EBFF156-6AF5-4CB1-9F54-F12594217CAC}.Debug|Any CPU.Build.0 = Debug|Any CPU
		{3EBFF156-6AF5-4CB1-9F54-F12594217CAC}.Release|Any CPU.ActiveCfg = Release|Any CPU
		{3EBFF156-6AF5-4CB1-9F54-F12594217CAC}.Release|Any CPU.Build.0 = Release|Any CPU
	EndGlobalSection
	GlobalSection(SolutionProperties) = preSolution
		HideSolutionNode = FALSE
	EndGlobalSection
	GlobalSection(ExtensibilityGlobals) = postSolution
		SolutionGuid = {5FFA8164-F1B3-4DE1-8433-3975D69D7514}
	EndGlobalSection
EndGlobal
